<?xml version="1.0" encoding="utf-8"?>
<Project ToolsVersion="4.0" xmlns="http://schemas.microsoft.com/developer/msbuild/2003">
  <ItemGroup>
    <Filter Include="Source Files">
      <UniqueIdentifier>{4FC737F1-C7A5-4376-A066-2A32D752A2FF}</UniqueIdentifier>
      <Extensions>cpp;c;cc;cxx;def;odl;idl;hpj;bat;asm;asmx</Extensions>
    </Filter>
    <Filter Include="Header Files">
      <UniqueIdentifier>{93995380-89BD-4b04-88EB-625FBE52EBFB}</UniqueIdentifier>
      <Extensions>h;hpp;hxx;hm;inl;inc;xsd</Extensions>
    </Filter>
    <Filter Include="Resource Files">
      <UniqueIdentifier>{67DA6AB6-F800-4c08-8B7A-83BB121AAD01}</UniqueIdentifier>
      <Extensions>rc;ico;cur;bmp;dlg;rc2;rct;bin;rgs;gif;jpg;jpeg;jpe;resx;tiff;tif;png;wav;mfcribbon-ms</Extensions>
    </Filter>
    <Filter Include="Media">
      <UniqueIdentifier>{2f771209-07bf-49c7-947e-5838a4685133}</UniqueIdentifier>
    </Filter>
    <Filter Include="Media\Material">
      <UniqueIdentifier>{230132e6-959f-4c31-af52-f71ada1cdd87}</UniqueIdentifier>
    </Filter>
    <Filter Include="Media\Shader">
      <UniqueIdentifier>{4215aaa4-05fd-46f3-ad61-12bd2402e1b9}</UniqueIdentifier>
    </Filter>
    <Filter Include="Media\AssetSets">
      <UniqueIdentifier>{4e6d9113-313e-4bca-abe0-c48858172fcf}</UniqueIdentifier>
    </Filter>
    <Filter Include="extern">
      <UniqueIdentifier>{446e5754-cbec-4f86-818f-347f57e73d63}</UniqueIdentifier>
    </Filter>
    <Filter Include="extern\SSEPlus">
      <UniqueIdentifier>{2e16d788-9c21-4f04-945a-13d658591929}</UniqueIdentifier>
    </Filter>
    <Filter Include="extern\SSEPlus\include">
      <UniqueIdentifier>{5292ff91-2143-4519-b870-f2628fb0e6f0}</UniqueIdentifier>
    </Filter>
    <Filter Include="extern\SSEPlus\include\convert">
      <UniqueIdentifier>{8eddf616-ebd5-4ff8-a3ab-07a76213111f}</UniqueIdentifier>
    </Filter>
    <Filter Include="extern\SSEPlus\include\arithmetic">
      <UniqueIdentifier>{8cb0f55c-aa99-4b15-8e5d-13124ab42d29}</UniqueIdentifier>
    </Filter>
    <Filter Include="extern\SSEPlus\include\emulation">
      <UniqueIdentifier>{3899e293-527b-4ecc-a47c-c8633a6da90e}</UniqueIdentifier>
    </Filter>
    <Filter Include="extern\SSEPlus\include\logical">
      <UniqueIdentifier>{91b340d3-de29-4e56-8b76-a87699c4b72c}</UniqueIdentifier>
    </Filter>
    <Filter Include="extern\SSEPlus\include\map">
      <UniqueIdentifier>{24be870b-46d5-41d6-831b-81f4388fc574}</UniqueIdentifier>
    </Filter>
    <Filter Include="extern\SSEPlus\include\memory">
      <UniqueIdentifier>{081741b5-b48e-4399-863a-11560603975b}</UniqueIdentifier>
    </Filter>
    <Filter Include="extern\SSEPlus\include\native">
      <UniqueIdentifier>{9190525f-d640-4162-a29a-8ecf897ad3eb}</UniqueIdentifier>
    </Filter>
    <Filter Include="extern\SSEPlus\include\number">
      <UniqueIdentifier>{148cb0a8-e152-47cd-93a8-214693f223d8}</UniqueIdentifier>
    </Filter>
  </ItemGroup>
  <ItemGroup>
    <None Include="..\Media\Castle\Asset\castleLargeOccluders.set">
      <Filter>Media\AssetSets</Filter>
    </None>
    <None Include="..\Media\Castle\Asset\castleSmallDecorations.set">
      <Filter>Media\AssetSets</Filter>
    </None>
    <None Include="..\Media\Castle\Asset\castleSmallDecorationsDebug.set">
      <Filter>Media\AssetSets</Filter>
    </None>
    <None Include="..\Media\Castle\Asset\ground.set">
      <Filter>Media\AssetSets</Filter>
    </None>
    <None Include="..\Media\Castle\Asset\groundDebug.set">
      <Filter>Media\AssetSets</Filter>
    </None>
    <None Include="..\Media\Castle\Asset\marketStalls.set">
      <Filter>Media\AssetSets</Filter>
    </None>
    <None Include="..\Media\Castle\Asset\marketStallsDebug.set">
      <Filter>Media\AssetSets</Filter>
    </None>
    <None Include="..\Media\Castle\Asset\sky.set">
      <Filter>Media\AssetSets</Filter>
    </None>
    <None Include="..\Media\Material\shadowCast.mtl">
      <Filter>Media\Material</Filter>
    </None>
    <None Include="..\Media\Material\showDepthBufScalar.mtl">
      <Filter>Media\Material</Filter>
    </None>
    <None Include="..\Media\Material\showDepthBufSSE.mtl">
      <Filter>Media\Material</Filter>
    </None>
    <None Include="..\Media\Material\sprite.mtl">
      <Filter>Media\Material</Filter>
    </None>
    <None Include="..\Media\Castle\Material\BoundingBox.mtl">
      <Filter>Media\Material</Filter>
    </None>
    <None Include="..\Media\Shader\shadowCast.fx">
      <Filter>Media\Shader</Filter>
    </None>
    <None Include="..\Media\Shader\shadowCast.rs">
      <Filter>Media\Shader</Filter>
    </None>
    <None Include="..\Media\Shader\showDepthBuf.rs">
      <Filter>Media\Shader</Filter>
    </None>
    <None Include="..\Media\Shader\showDepthBufScalar.fx">
      <Filter>Media\Shader</Filter>
    </None>
    <None Include="..\Media\Shader\showDepthBufSSE.fx">
      <Filter>Media\Shader</Filter>
    </None>
    <None Include="..\Media\Shader\Sprite.fx">
      <Filter>Media\Shader</Filter>
    </None>
    <None Include="..\Media\Shader\sprite.rs">
      <Filter>Media\Shader</Filter>
    </None>
    <None Include="..\SoftwareOcclusionCullingDX.ico">
      <Filter>Resource Files</Filter>
    </None>
  </ItemGroup>
  <ItemGroup>
    <ClInclude Include="..\AABBoxRasterizer.h">
      <Filter>Header Files</Filter>
    </ClInclude>
    <ClInclude Include="..\AABBoxRasterizerScalar.h">
      <Filter>Header Files</Filter>
    </ClInclude>
    <ClInclude Include="..\AABBoxRasterizerScalarMT.h">
      <Filter>Header Files</Filter>
    </ClInclude>
    <ClInclude Include="..\AABBoxRasterizerScalarST.h">
      <Filter>Header Files</Filter>
    </ClInclude>
    <ClInclude Include="..\AABBoxRasterizerSSE.h">
      <Filter>Header Files</Filter>
    </ClInclude>
    <ClInclude Include="..\AABBoxRasterizerSSEMT.h">
      <Filter>Header Files</Filter>
    </ClInclude>
    <ClInclude Include="..\AABBoxRasterizerSSEST.h">
      <Filter>Header Files</Filter>
    </ClInclude>
    <ClInclude Include="..\Constants.h">
      <Filter>Header Files</Filter>
    </ClInclude>
    <ClInclude Include="..\DepthBufferRasterizer.h">
      <Filter>Header Files</Filter>
    </ClInclude>
    <ClInclude Include="..\DepthBufferRasterizerScalar.h">
      <Filter>Header Files</Filter>
    </ClInclude>
    <ClInclude Include="..\DepthBufferRasterizerScalarMT.h">
      <Filter>Header Files</Filter>
    </ClInclude>
    <ClInclude Include="..\DepthBufferRasterizerScalarST.h">
      <Filter>Header Files</Filter>
    </ClInclude>
    <ClInclude Include="..\DepthBufferRasterizerSSE.h">
      <Filter>Header Files</Filter>
    </ClInclude>
    <ClInclude Include="..\DepthBufferRasterizerSSEMT.h">
      <Filter>Header Files</Filter>
    </ClInclude>
    <ClInclude Include="..\DepthBufferRasterizerSSEST.h">
      <Filter>Header Files</Filter>
    </ClInclude>
    <ClInclude Include="..\HelperMT.h">
      <Filter>Header Files</Filter>
    </ClInclude>
    <ClInclude Include="..\HelperScalar.h">
      <Filter>Header Files</Filter>
    </ClInclude>
    <ClInclude Include="..\HelperSSE.h">
      <Filter>Header Files</Filter>
    </ClInclude>
    <ClInclude Include="..\resource.h">
      <Filter>Header Files</Filter>
    </ClInclude>
    <ClInclude Include="..\SoftwareOcclusionCulling.h">
      <Filter>Header Files</Filter>
    </ClInclude>
    <ClInclude Include="..\TransformedAABBoxScalar.h">
      <Filter>Header Files</Filter>
    </ClInclude>
    <ClInclude Include="..\TransformedAABBoxSSE.h">
      <Filter>Header Files</Filter>
    </ClInclude>
    <ClInclude Include="..\TransformedMeshScalar.h">
      <Filter>Header Files</Filter>
    </ClInclude>
    <ClInclude Include="..\TransformedMeshSSE.h">
      <Filter>Header Files</Filter>
    </ClInclude>
    <ClInclude Include="..\TransformedModelScalar.h">
      <Filter>Header Files</Filter>
    </ClInclude>
    <ClInclude Include="..\TransformedModelSSE.h">
      <Filter>Header Files</Filter>
    </ClInclude>
    <ClInclude Include="..\extern\SSEPlus\include\SSEPlus.h">
      <Filter>extern\SSEPlus\include</Filter>
    </ClInclude>
    <ClInclude Include="..\extern\SSEPlus\include\SSEPlus_base.h">
      <Filter>extern\SSEPlus\include</Filter>
    </ClInclude>
    <ClInclude Include="..\extern\SSEPlus\include\SSEPlus_CPUID.h">
      <Filter>extern\SSEPlus\include</Filter>
    </ClInclude>
    <ClInclude Include="..\extern\SSEPlus\include\SSEPlus_platform.h">
      <Filter>extern\SSEPlus\include</Filter>
    </ClInclude>
    <ClInclude Include="..\extern\SSEPlus\include\SSEPlus_REF.h">
      <Filter>extern\SSEPlus\include</Filter>
    </ClInclude>
    <ClInclude Include="..\extern\SSEPlus\include\SSEPlus_SSE.h">
      <Filter>extern\SSEPlus\include</Filter>
    </ClInclude>
    <ClInclude Include="..\extern\SSEPlus\include\SSEPlus_SSE2.h">
      <Filter>extern\SSEPlus\include</Filter>
    </ClInclude>
    <ClInclude Include="..\extern\SSEPlus\include\SSEPlus_SSE3.h">
      <Filter>extern\SSEPlus\include</Filter>
    </ClInclude>
    <ClInclude Include="..\extern\SSEPlus\include\SSEPlus_SSE4.1.h">
      <Filter>extern\SSEPlus\include</Filter>
    </ClInclude>
    <ClInclude Include="..\extern\SSEPlus\include\SSEPlus_SSE4.2.h">
      <Filter>extern\SSEPlus\include</Filter>
    </ClInclude>
    <ClInclude Include="..\extern\SSEPlus\include\SSEPlus_SSE4a.h">
      <Filter>extern\SSEPlus\include</Filter>
    </ClInclude>
    <ClInclude Include="..\extern\SSEPlus\include\SSEPlus_SSE5.h">
      <Filter>extern\SSEPlus\include</Filter>
    </ClInclude>
    <ClInclude Include="..\extern\SSEPlus\include\SSEPlus_SSSE3.h">
      <Filter>extern\SSEPlus\include</Filter>
    </ClInclude>
    <ClInclude Include="..\extern\SSEPlus\include\convert\SSEPlus_convert_REF.h">
      <Filter>extern\SSEPlus\include\convert</Filter>
    </ClInclude>
    <ClInclude Include="..\extern\SSEPlus\include\convert\SSEPlus_convert_SSE2.h">
      <Filter>extern\SSEPlus\include\convert</Filter>
    </ClInclude>
    <ClInclude Include="..\extern\SSEPlus\include\arithmetic\SSEPlus_arithmetic_SSE3.h">
      <Filter>extern\SSEPlus\include\arithmetic</Filter>
    </ClInclude>
    <ClInclude Include="..\extern\SSEPlus\include\arithmetic\SSEPlus_arithmetic_REF.h">
      <Filter>extern\SSEPlus\include\arithmetic</Filter>
    </ClInclude>
    <ClInclude Include="..\extern\SSEPlus\include\arithmetic\SSEPlus_arithmetic_SSE2.h">
      <Filter>extern\SSEPlus\include\arithmetic</Filter>
    </ClInclude>
    <ClInclude Include="..\extern\SSEPlus\include\emulation\SSEPlus_emulation_comps_REF.h">
      <Filter>extern\SSEPlus\include\emulation</Filter>
    </ClInclude>
    <ClInclude Include="..\extern\SSEPlus\include\emulation\SSEPlus_emulation_comps_SSE2.h">
      <Filter>extern\SSEPlus\include\emulation</Filter>
    </ClInclude>
    <ClInclude Include="..\extern\SSEPlus\include\emulation\SSEPlus_emulation_comps_SSE3.h">
      <Filter>extern\SSEPlus\include\emulation</Filter>
    </ClInclude>
    <ClInclude Include="..\extern\SSEPlus\include\emulation\SSEPlus_emulation_REF.h">
      <Filter>extern\SSEPlus\include\emulation</Filter>
    </ClInclude>
    <ClInclude Include="..\extern\SSEPlus\include\emulation\SSEPlus_emulation_SSE2.h">
      <Filter>extern\SSEPlus\include\emulation</Filter>
    </ClInclude>
    <ClInclude Include="..\extern\SSEPlus\include\emulation\SSEPlus_emulation_SSE3.h">
      <Filter>extern\SSEPlus\include\emulation</Filter>
    </ClInclude>
    <ClInclude Include="..\extern\SSEPlus\include\logical\SSEPlus_logical_REF.h">
      <Filter>extern\SSEPlus\include\logical</Filter>
    </ClInclude>
    <ClInclude Include="..\extern\SSEPlus\include\logical\SSEPlus_logical_SSE2.h">
      <Filter>extern\SSEPlus\include\logical</Filter>
    </ClInclude>
    <ClInclude Include="..\extern\SSEPlus\include\map\SSEPlus_MAP_SSE3.h">
      <Filter>extern\SSEPlus\include\map</Filter>
    </ClInclude>
    <ClInclude Include="..\extern\SSEPlus\include\map\SSEPlus_UNMAP_ALL.h">
      <Filter>extern\SSEPlus\include\map</Filter>
    </ClInclude>
    <ClInclude Include="..\extern\SSEPlus\include\map\SSEPlus_MAP_SSE2.h">
      <Filter>extern\SSEPlus\include\map</Filter>
    </ClInclude>
    <ClInclude Include="..\extern\SSEPlus\include\memory\SSEPlus_memory_REF.h">
      <Filter>extern\SSEPlus\include\memory</Filter>
    </ClInclude>
    <ClInclude Include="..\extern\SSEPlus\include\memory\SSEPlus_memory_SSE2.h">
      <Filter>extern\SSEPlus\include\memory</Filter>
    </ClInclude>
    <ClInclude Include="..\extern\SSEPlus\include\native\SSEPlus_native_SSE.h">
      <Filter>extern\SSEPlus\include\native</Filter>
    </ClInclude>
    <ClInclude Include="..\extern\SSEPlus\include\native\SSEPlus_native_SSE2.h">
      <Filter>extern\SSEPlus\include\native</Filter>
    </ClInclude>
    <ClInclude Include="..\extern\SSEPlus\include\native\SSEPlus_native_SSE3.h">
      <Filter>extern\SSEPlus\include\native</Filter>
    </ClInclude>
    <ClInclude Include="..\extern\SSEPlus\include\native\SSEPlus_native_SSE4.1.h">
      <Filter>extern\SSEPlus\include\native</Filter>
    </ClInclude>
    <ClInclude Include="..\extern\SSEPlus\include\native\SSEPlus_native_SSE4.2.h">
      <Filter>extern\SSEPlus\include\native</Filter>
    </ClInclude>
    <ClInclude Include="..\extern\SSEPlus\include\native\SSEPlus_native_SSE4a.h">
      <Filter>extern\SSEPlus\include\native</Filter>
    </ClInclude>
    <ClInclude Include="..\extern\SSEPlus\include\native\sseplus_native_SSE5.h">
      <Filter>extern\SSEPlus\include\native</Filter>
    </ClInclude>
    <ClInclude Include="..\extern\SSEPlus\include\native\SSEPlus_native_SSSE3.h">
      <Filter>extern\SSEPlus\include\native</Filter>
    </ClInclude>
    <ClInclude Include="..\extern\SSEPlus\include\number\SSEPlus_number_REF.h">
      <Filter>extern\SSEPlus\include\number</Filter>
    </ClInclude>
  </ItemGroup>
  <ItemGroup>
    <ClCompile Include="..\AABBoxRasterizer.cpp">
      <Filter>Source Files</Filter>
    </ClCompile>
    <ClCompile Include="..\AABBoxRasterizerScalar.cpp">
      <Filter>Source Files</Filter>
    </ClCompile>
    <ClCompile Include="..\AABBoxRasterizerScalarMT.cpp">
      <Filter>Source Files</Filter>
    </ClCompile>
    <ClCompile Include="..\AABBoxRasterizerScalarST.cpp">
      <Filter>Source Files</Filter>
    </ClCompile>
    <ClCompile Include="..\AABBoxRasterizerSSE.cpp">
      <Filter>Source Files</Filter>
    </ClCompile>
    <ClCompile Include="..\AABBoxRasterizerSSEMT.cpp">
      <Filter>Source Files</Filter>
    </ClCompile>
    <ClCompile Include="..\AABBoxRasterizerSSEST.cpp">
      <Filter>Source Files</Filter>
    </ClCompile>
    <ClCompile Include="..\DepthBufferRasterizer.cpp">
      <Filter>Source Files</Filter>
    </ClCompile>
    <ClCompile Include="..\DepthBufferRasterizerScalar.cpp">
      <Filter>Source Files</Filter>
    </ClCompile>
    <ClCompile Include="..\DepthBufferRasterizerScalarMT.cpp">
      <Filter>Source Files</Filter>
    </ClCompile>
    <ClCompile Include="..\DepthBufferRasterizerScalarST.cpp">
      <Filter>Source Files</Filter>
    </ClCompile>
    <ClCompile Include="..\DepthBufferRasterizerSSE.cpp">
      <Filter>Source Files</Filter>
    </ClCompile>
    <ClCompile Include="..\DepthBufferRasterizerSSEMT.cpp">
      <Filter>Source Files</Filter>
    </ClCompile>
    <ClCompile Include="..\DepthBufferRasterizerSSEST.cpp">
      <Filter>Source Files</Filter>
    </ClCompile>
    <ClCompile Include="..\HelperScalar.cpp">
      <Filter>Source Files</Filter>
    </ClCompile>
    <ClCompile Include="..\HelperSSE.cpp">
      <Filter>Source Files</Filter>
    </ClCompile>
    <ClCompile Include="..\main.cpp">
      <Filter>Source Files</Filter>
    </ClCompile>
    <ClCompile Include="..\SoftwareOcclusionCulling.cpp">
      <Filter>Source Files</Filter>
    </ClCompile>
    <ClCompile Include="..\TransformedAABBoxScalar.cpp">
      <Filter>Source Files</Filter>
    </ClCompile>
    <ClCompile Include="..\TransformedAABBoxSSE.cpp">
      <Filter>Source Files</Filter>
    </ClCompile>
    <ClCompile Include="..\TransformedMeshScalar.cpp">
      <Filter>Source Files</Filter>
    </ClCompile>
    <ClCompile Include="..\TransformedMeshSSE.cpp">
      <Filter>Source Files</Filter>
    </ClCompile>
    <ClCompile Include="..\TransformedModelScalar.cpp">
      <Filter>Source Files</Filter>
    </ClCompile>
    <ClCompile Include="..\TransformedModelSSE.cpp">
      <Filter>Source Files</Filter>
    </ClCompile>
  </ItemGroup>
  <ItemGroup>
    <ResourceCompile Include="..\SoftwareOcclusionCullingDX_2010.rc">
      <Filter>Resource Files</Filter>
    </ResourceCompile>
  </ItemGroup>
</Project>