
Microsoft Visual Studio Solution File, Format Version 11.00
# Visual Studio 2010
Project("{8BC9CEB8-8B4A-11D0-8D11-00A0C91BC942}") = "jpegxr", "jpegxr\jpegxr.vcxproj", "{7731E076-B259-493C-9C6A-A6F4468CB085}"
EndProject
Global
	GlobalSection(SolutionConfigurationPlatforms) = preSolution
		Debug|x64 = Debug|x64
		Release|x64 = Release|x64
	EndGlobalSection
	GlobalSection(ProjectConfigurationPlatforms) = postSolution
		{7731E076-B259-493C-9C6A-A6F4468CB085}.Debug|x64.ActiveCfg = Debug|x64
		{7731E076-B259-493C-9C6A-A6F4468CB085}.Debug|x64.Build.0 = Debug|x64
		{7731E076-B259-493C-9C6A-A6F4468CB085}.Release|x64.ActiveCfg = Release|x64
		{7731E076-B259-493C-9C6A-A6F4468CB085}.Release|x64.Build.0 = Release|x64
	EndGlobalSection
	GlobalSection(SolutionProperties) = preSolution
		HideSolutionNode = FALSE
	EndGlobalSection
EndGlobal
