<?xml version="1.0" encoding="utf-8"?>
<Project ToolsVersion="4.0" xmlns:atg="http://atg.xbox.com" xmlns="http://schemas.microsoft.com/developer/msbuild/2003">
  <ItemGroup>
    <Filter Include="Resource Files">
      <UniqueIdentifier>{8e114980-c1a3-4ada-ad7c-83caadf5daeb}</UniqueIdentifier>
      <Extensions>rc;ico;cur;bmp;dlg;rc2;rct;bin;rgs;gif;jpg;jpeg;jpe</Extensions>
    </Filter>
    <Filter Include="DXUT">
      <UniqueIdentifier>{a43c5c25-0e86-4a20-b64a-883785ff74fd}</UniqueIdentifier>
    </Filter>
    <Filter Include="Shaders">
      <UniqueIdentifier>{2c3d4c8c-5d1a-459a-a05a-a4e4b608a44e}</UniqueIdentifier>
      <Extensions>fx;fxh;hlsl</Extensions>
    </Filter>
    <Filter Include="DirectXTex">
      <UniqueIdentifier>{1fffe622-692c-4368-82bb-7d7e89d520e6}</UniqueIdentifier>
    </Filter>
    <Filter Include="XNAMath">
      <UniqueIdentifier>{e45a0b2d-b021-4a75-a6f1-3651b65abd2f}</UniqueIdentifier>
    </Filter>
  </ItemGroup>
  <ItemGroup>
    <None Include="DXUT\Optional\directx.ico">
      <Filter>Resource Files</Filter>
    </None>
    <ClInclude Include="DXUT\Core\DXUT.h">
      <Filter>DXUT</Filter>
    </ClInclude>
    <ClInclude Include="DXUT\Core\DXUTDevice11.h">
      <Filter>DXUT</Filter>
    </ClInclude>
    <ClInclude Include="DXUT\Core\DXUTDevice9.h">
      <Filter>DXUT</Filter>
    </ClInclude>
    <ClInclude Include="DXUT\Core\DXUTmisc.h">
      <Filter>DXUT</Filter>
    </ClInclude>
    <ClCompile Include="DXUT\Core\DXUT.cpp">
      <Filter>DXUT</Filter>
    </ClCompile>
    <ClCompile Include="DXUT\Core\DXUTDevice11.cpp">
      <Filter>DXUT</Filter>
    </ClCompile>
    <ClCompile Include="DXUT\Core\DXUTDevice9.cpp">
      <Filter>DXUT</Filter>
    </ClCompile>
    <ClCompile Include="DXUT\Core\DXUTmisc.cpp">
      <Filter>DXUT</Filter>
    </ClCompile>
    <ClInclude Include="DXUT\Optional\DXUTcamera.h">
      <Filter>DXUT</Filter>
    </ClInclude>
    <ClInclude Include="DXUT\Optional\DXUTgui.h">
      <Filter>DXUT</Filter>
    </ClInclude>
    <ClInclude Include="DXUT\Optional\DXUTres.h">
      <Filter>DXUT</Filter>
    </ClInclude>
    <ClInclude Include="DXUT\Optional\DXUTsettingsdlg.h">
      <Filter>DXUT</Filter>
    </ClInclude>
    <ClInclude Include="DXUT\Optional\SDKmesh.h">
      <Filter>DXUT</Filter>
    </ClInclude>
    <ClInclude Include="DXUT\Optional\SDKmisc.h">
      <Filter>DXUT</Filter>
    </ClInclude>
    <ClCompile Include="DXUT\Optional\DXUTcamera.cpp">
      <Filter>DXUT</Filter>
    </ClCompile>
    <ClCompile Include="DXUT\Optional\DXUTgui.cpp">
      <Filter>DXUT</Filter>
    </ClCompile>
    <ClCompile Include="DXUT\Optional\DXUTres.cpp">
      <Filter>DXUT</Filter>
    </ClCompile>
    <ClCompile Include="DXUT\Optional\DXUTsettingsdlg.cpp">
      <Filter>DXUT</Filter>
    </ClCompile>
    <ClCompile Include="DXUT\Optional\SDKmesh.cpp">
      <Filter>DXUT</Filter>
    </ClCompile>
    <ClCompile Include="DXUT\Optional\SDKmisc.cpp">
      <Filter>DXUT</Filter>
    </ClCompile>
    <None Include="SceneRender.hlsl">
      <Filter>Shaders</Filter>
    </None>
    <None Include="TiledResourceEmulationLib.hlsl">
      <Filter>Shaders</Filter>
    </None>
    <None Include="TiledResources.hlsl">
      <Filter>Shaders</Filter>
    </None>
    <None Include="xnamath\xnamathconvert.inl">
      <Filter>XNAMath</Filter>
    </None>
    <None Include="xnamath\xnamathmatrix.inl">
      <Filter>XNAMath</Filter>
    </None>
    <None Include="xnamath\xnamathmisc.inl">
      <Filter>XNAMath</Filter>
    </None>
    <None Include="xnamath\xnamathvector.inl">
      <Filter>XNAMath</Filter>
    </None>
    <None Include="DirectXTex\DirectXTex.inl">
      <Filter>DirectXTex</Filter>
    </None>
  </ItemGroup>
  <ItemGroup>
    <ClCompile Include="TiledResources11.cpp" />
    <ClCompile Include="TiledResourceRuntimeTest.cpp" />
    <ClCompile Include="d3d11tiled.cpp" />
    <ClCompile Include="PageRenderer.cpp" />
    <ClCompile Include="TypedPagePool.cpp" />
    <ClCompile Include="PhysicalPageManager.cpp" />
    <ClCompile Include="TiledResourceBase.cpp" />
    <ClCompile Include="PageLoaders.cpp" />
    <ClCompile Include="ResidencySampleRender.cpp" />
    <ClCompile Include="SamplingQualityManager.cpp" />
    <ClCompile Include="TitleResidencyManager.cpp" />
    <ClCompile Include="Util.cpp" />
    <ClCompile Include="PageDebugRender.cpp" />
    <ClCompile Include="TerrainView.cpp" />
    <ClCompile Include="DirectXTex\BC.cpp">
      <Filter>DirectXTex</Filter>
    </ClCompile>
    <ClCompile Include="DirectXTex\BC4BC5.cpp">
      <Filter>DirectXTex</Filter>
    </ClCompile>
    <ClCompile Include="DirectXTex\BC6HBC7.cpp">
      <Filter>DirectXTex</Filter>
    </ClCompile>
    <ClCompile Include="DirectXTex\DirectXTexCompress.cpp">
      <Filter>DirectXTex</Filter>
    </ClCompile>
    <ClCompile Include="DirectXTex\DirectXTexConvert.cpp">
      <Filter>DirectXTex</Filter>
    </ClCompile>
    <ClCompile Include="DirectXTex\DirectXTexD3D11.cpp">
      <Filter>DirectXTex</Filter>
    </ClCompile>
    <ClCompile Include="DirectXTex\DirectXTexDDS.cpp">
      <Filter>DirectXTex</Filter>
    </ClCompile>
    <ClCompile Include="DirectXTex\DirectXTexFlipRotate.cpp">
      <Filter>DirectXTex</Filter>
    </ClCompile>
    <ClCompile Include="DirectXTex\DirectXTexImage.cpp">
      <Filter>DirectXTex</Filter>
    </ClCompile>
    <ClCompile Include="DirectXTex\DirectXTexMipmaps.cpp">
      <Filter>DirectXTex</Filter>
    </ClCompile>
    <ClCompile Include="DirectXTex\DirectXTexMisc.cpp">
      <Filter>DirectXTex</Filter>
    </ClCompile>
    <ClCompile Include="DirectXTex\DirectXTexNormalMaps.cpp">
      <Filter>DirectXTex</Filter>
    </ClCompile>
    <ClCompile Include="DirectXTex\DirectXTexResize.cpp">
      <Filter>DirectXTex</Filter>
    </ClCompile>
    <ClCompile Include="DirectXTex\DirectXTexTGA.cpp">
      <Filter>DirectXTex</Filter>
    </ClCompile>
    <ClCompile Include="DirectXTex\DirectXTexUtil.cpp">
      <Filter>DirectXTex</Filter>
    </ClCompile>
    <ClCompile Include="DirectXTex\DirectXTexWIC.cpp">
      <Filter>DirectXTex</Filter>
    </ClCompile>
  </ItemGroup>
  <ItemGroup>
    <CLInclude Include="resource.h">
      <Filter>Resource Files</Filter>
    </CLInclude>
    <ClInclude Include="TiledResourceCommon.h" />
    <ClInclude Include="TiledResourceRuntimeTest.h" />
    <ClInclude Include="TiledResourceD3D11.h" />
    <ClInclude Include="d3d11tiled.h" />
    <ClInclude Include="PageRenderer.h" />
    <ClInclude Include="TypedPagePool.h" />
    <ClInclude Include="PhysicalPageManager.h" />
    <ClInclude Include="TiledResourceBase.h" />
    <ClInclude Include="PageLoaders.h" />
    <ClInclude Include="ResidencySampleRender.h" />
    <ClInclude Include="SamplingQualityManager.h" />
    <ClInclude Include="TitleResidencyManager.h" />
    <ClInclude Include="ThreadSafeQueue.h" />
    <ClInclude Include="SceneObject.h" />
    <ClInclude Include="Util.h" />
    <ClInclude Include="TiledFileFormat.h" />
    <ClInclude Include="PageDebugRender.h" />
    <ClInclude Include="TerrainView.h" />
    <ClInclude Include="xnamath\xnamath.h">
      <Filter>XNAMath</Filter>
    </ClInclude>
    <ClInclude Include="DirectXTex\BC.h">
      <Filter>DirectXTex</Filter>
    </ClInclude>
    <ClInclude Include="DirectXTex\DDS.h">
      <Filter>DirectXTex</Filter>
    </ClInclude>
    <ClInclude Include="DirectXTex\DirectXTex.h">
      <Filter>DirectXTex</Filter>
    </ClInclude>
    <ClInclude Include="DirectXTex\DirectXTexP.h">
      <Filter>DirectXTex</Filter>
    </ClInclude>
    <ClInclude Include="DirectXTex\scoped.h">
      <Filter>DirectXTex</Filter>
    </ClInclude>
  </ItemGroup>
  <ItemGroup>
    <ResourceCompile Include="TiledResources.rc">
      <Filter>Resource Files</Filter>
    </ResourceCompile>
  </ItemGroup>
</Project>