
Microsoft Visual Studio Solution File, Format Version 12.00
# Visual Studio 2012
Project("{8BC9CEB8-8B4A-11D0-8D11-00A0C91BC942}") = "hill_climbing", "hill_climbing.vcxproj", "{C281AEF9-02A7-4ED8-BDD4-E995BD3F41B2}"
EndProject
Global
	GlobalSection(SolutionConfigurationPlatforms) = preSolution
		Debug|x64 = Debug|x64
		Release|x64 = Release|x64
	EndGlobalSection
	GlobalSection(ProjectConfigurationPlatforms) = postSolution
		{C281AEF9-02A7-4ED8-BDD4-E995BD3F41B2}.Debug|x64.ActiveCfg = Debug|x64
		{C281AEF9-02A7-4ED8-BDD4-E995BD3F41B2}.Debug|x64.Build.0 = Debug|x64
		{C281AEF9-02A7-4ED8-BDD4-E995BD3F41B2}.Release|x64.ActiveCfg = Release|x64
		{C281AEF9-02A7-4ED8-BDD4-E995BD3F41B2}.Release|x64.Build.0 = Release|x64
		{C281AEF9-02A7-4ED8-BDD4-E995BD3F41B2}.Release|x64.Deploy.0 = Release|x64
	EndGlobalSection
	GlobalSection(SolutionProperties) = preSolution
		HideSolutionNode = FALSE
	EndGlobalSection
EndGlobal
