
Microsoft Visual Studio Solution File, Format Version 11.00
# Visual Studio 2010
Project("{FAE04EC0-301F-11D3-BF4B-00C04F79EFBC}") = "liboccluder", "liboccluder.csproj", "{342EE1D3-95F1-44AD-9589-5D7779031E94}"
EndProject
Global
	GlobalSection(SolutionConfigurationPlatforms) = preSolution
		Debug|Any CPU = Debug|Any CPU
		Release|Any CPU = Release|Any CPU
	EndGlobalSection
	GlobalSection(ProjectConfigurationPlatforms) = postSolution
		{342EE1D3-95F1-44AD-9589-5D7779031E94}.Debug|Any CPU.ActiveCfg = Debug|Any CPU
		{342EE1D3-95F1-44AD-9589-5D7779031E94}.Debug|Any CPU.Build.0 = Debug|Any CPU
		{342EE1D3-95F1-44AD-9589-5D7779031E94}.Release|Any CPU.ActiveCfg = Release|Any CPU
		{342EE1D3-95F1-44AD-9589-5D7779031E94}.Release|Any CPU.Build.0 = Release|Any CPU
	EndGlobalSection
	GlobalSection(SolutionProperties) = preSolution
		HideSolutionNode = FALSE
	EndGlobalSection
EndGlobal
